github.com/ohanan/napp v0.0.0-20201114165725-10ae1b930633 h1:/Y4WFzwO30C+EizQDHc96IzJoAnFlu8y70x6UTggbZM=
github.com/ohanan/napp/core v0.0.0-20201114165725-10ae1b930633 h1:vnE27IXTU178bgncYk5X6UinKaWk/thnrHC8Wa36H8M=
github.com/ohanan/napp/core v0.0.0-20201114165725-10ae1b930633/go.mod h1:7gCXGpK9dGQ0iJfDn+999orJfRvSTy10LpKsCgtj/3A=
